// !$*UTF8*$!
{
	archiveVersion = 1;
	classes = {
	};
	objectVersion = 51;
	objects = {

/* Begin PBXBuildFile section */
		050838682DBAFA4E860D0641 /* Pods_G2C_Gamers.framework in Frameworks */ = {isa = PBXBuildFile; fileRef = 161FE788781DF31C9EAE46C8 /* Pods_G2C_Gamers.framework */; };
		25FE5CB3237836B5001C8244 /* AppDelegate.swift in Sources */ = {isa = PBXBuildFile; fileRef = 25FE5CB2237836B5001C8244 /* AppDelegate.swift */; };
		25FE5CB5237836B5001C8244 /* GameViewController.swift in Sources */ = {isa = PBXBuildFile; fileRef = 25FE5CB4237836B5001C8244 /* GameViewController.swift */; };
		25FE5CB8237836B5001C8244 /* Main.storyboard in Resources */ = {isa = PBXBuildFile; fileRef = 25FE5CB6237836B5001C8244 /* Main.storyboard */; };
		25FE5CBA237836B8001C8244 /* Assets.xcassets in Resources */ = {isa = PBXBuildFile; fileRef = 25FE5CB9237836B8001C8244 /* Assets.xcassets */; };
		25FE5CBD237836B8001C8244 /* LaunchScreen.storyboard in Resources */ = {isa = PBXBuildFile; fileRef = 25FE5CBB237836B8001C8244 /* LaunchScreen.storyboard */; };
		25FE5CC8237836B9001C8244 /* G2C_GamersTests.swift in Sources */ = {isa = PBXBuildFile; fileRef = 25FE5CC7237836B9001C8244 /* G2C_GamersTests.swift */; };
		25FE5CD3237836B9001C8244 /* G2C_GamersUITests.swift in Sources */ = {isa = PBXBuildFile; fileRef = 25FE5CD2237836B9001C8244 /* G2C_GamersUITests.swift */; };
		25FE5CE8237A640B001C8244 /* GameSummaryCell.xib in Resources */ = {isa = PBXBuildFile; fileRef = 25FE5CE7237A640B001C8244 /* GameSummaryCell.xib */; };
		25FE5CEB237A7D2E001C8244 /* CodableResponse.swift in Sources */ = {isa = PBXBuildFile; fileRef = 25FE5CEA237A7D2E001C8244 /* CodableResponse.swift */; };
		25FE5CEF237A80DA001C8244 /* Game.swift in Sources */ = {isa = PBXBuildFile; fileRef = 25FE5CEE237A80DA001C8244 /* Game.swift */; };
		25FE5CF1237A82D0001C8244 /* G2C.swift in Sources */ = {isa = PBXBuildFile; fileRef = 25FE5CF0237A82D0001C8244 /* G2C.swift */; };
		25FE5CF3237A91A2001C8244 /* GameCell.swift in Sources */ = {isa = PBXBuildFile; fileRef = 25FE5CF2237A91A2001C8244 /* GameCell.swift */; };
		25FE5CF7237ACE08001C8244 /* GameDetailsViewController.swift in Sources */ = {isa = PBXBuildFile; fileRef = 25FE5CF6237ACE08001C8244 /* GameDetailsViewController.swift */; };
		41C0A1613B73777D2D33F12C /* Pods_G2C_GamersTests.framework in Frameworks */ = {isa = PBXBuildFile; fileRef = 7A7600400FE8A5EC46C7758B /* Pods_G2C_GamersTests.framework */; };
		8EBDD74258AE7DF4EF78FE15 /* Pods_G2C_GamersUITests.framework in Frameworks */ = {isa = PBXBuildFile; fileRef = 272C4FA5371E9508D07A6E98 /* Pods_G2C_GamersUITests.framework */; };
/* End PBXBuildFile section */

/* Begin PBXContainerItemProxy section */
		25FE5CC4237836B9001C8244 /* PBXContainerItemProxy */ = {
			isa = PBXContainerItemProxy;
			containerPortal = 25FE5CA7237836B5001C8244 /* Project object */;
			proxyType = 1;
			remoteGlobalIDString = 25FE5CAE237836B5001C8244;
			remoteInfo = "G2C Gamers";
		};
		25FE5CCF237836B9001C8244 /* PBXContainerItemProxy */ = {
			isa = PBXContainerItemProxy;
			containerPortal = 25FE5CA7237836B5001C8244 /* Project object */;
			proxyType = 1;
			remoteGlobalIDString = 25FE5CAE237836B5001C8244;
			remoteInfo = "G2C Gamers";
		};
/* End PBXContainerItemProxy section */

/* Begin PBXFileReference section */
		161FE788781DF31C9EAE46C8 /* Pods_G2C_Gamers.framework */ = {isa = PBXFileReference; explicitFileType = wrapper.framework; includeInIndex = 0; path = Pods_G2C_Gamers.framework; sourceTree = BUILT_PRODUCTS_DIR; };
		25FE5CAF237836B5001C8244 /* G2C Gamers.app */ = {isa = PBXFileReference; explicitFileType = wrapper.application; includeInIndex = 0; path = "G2C Gamers.app"; sourceTree = BUILT_PRODUCTS_DIR; };
		25FE5CB2237836B5001C8244 /* AppDelegate.swift */ = {isa = PBXFileReference; lastKnownFileType = sourcecode.swift; path = AppDelegate.swift; sourceTree = "<group>"; };
		25FE5CB4237836B5001C8244 /* GameViewController.swift */ = {isa = PBXFileReference; lastKnownFileType = sourcecode.swift; path = GameViewController.swift; sourceTree = "<group>"; };
		25FE5CB7237836B5001C8244 /* Base */ = {isa = PBXFileReference; lastKnownFileType = file.storyboard; name = Base; path = Base.lproj/Main.storyboard; sourceTree = "<group>"; };
		25FE5CB9237836B8001C8244 /* Assets.xcassets */ = {isa = PBXFileReference; lastKnownFileType = folder.assetcatalog; path = Assets.xcassets; sourceTree = "<group>"; };
		25FE5CBC237836B8001C8244 /* Base */ = {isa = PBXFileReference; lastKnownFileType = file.storyboard; name = Base; path = Base.lproj/LaunchScreen.storyboard; sourceTree = "<group>"; };
		25FE5CBE237836B8001C8244 /* Info.plist */ = {isa = PBXFileReference; lastKnownFileType = text.plist.xml; path = Info.plist; sourceTree = "<group>"; };
		25FE5CC3237836B9001C8244 /* G2C GamersTests.xctest */ = {isa = PBXFileReference; explicitFileType = wrapper.cfbundle; includeInIndex = 0; path = "G2C GamersTests.xctest"; sourceTree = BUILT_PRODUCTS_DIR; };
		25FE5CC7237836B9001C8244 /* G2C_GamersTests.swift */ = {isa = PBXFileReference; lastKnownFileType = sourcecode.swift; path = G2C_GamersTests.swift; sourceTree = "<group>"; };
		25FE5CC9237836B9001C8244 /* Info.plist */ = {isa = PBXFileReference; lastKnownFileType = text.plist.xml; path = Info.plist; sourceTree = "<group>"; };
		25FE5CCE237836B9001C8244 /* G2C GamersUITests.xctest */ = {isa = PBXFileReference; explicitFileType = wrapper.cfbundle; includeInIndex = 0; path = "G2C GamersUITests.xctest"; sourceTree = BUILT_PRODUCTS_DIR; };
		25FE5CD2237836B9001C8244 /* G2C_GamersUITests.swift */ = {isa = PBXFileReference; lastKnownFileType = sourcecode.swift; path = G2C_GamersUITests.swift; sourceTree = "<group>"; };
		25FE5CD4237836B9001C8244 /* Info.plist */ = {isa = PBXFileReference; lastKnownFileType = text.plist.xml; path = Info.plist; sourceTree = "<group>"; };
		25FE5CE7237A640B001C8244 /* GameSummaryCell.xib */ = {isa = PBXFileReference; lastKnownFileType = file.xib; path = GameSummaryCell.xib; sourceTree = "<group>"; };
		25FE5CEA237A7D2E001C8244 /* CodableResponse.swift */ = {isa = PBXFileReference; lastKnownFileType = sourcecode.swift; path = CodableResponse.swift; sourceTree = "<group>"; };
		25FE5CEE237A80DA001C8244 /* Game.swift */ = {isa = PBXFileReference; lastKnownFileType = sourcecode.swift; path = Game.swift; sourceTree = "<group>"; };
		25FE5CF0237A82D0001C8244 /* G2C.swift */ = {isa = PBXFileReference; lastKnownFileType = sourcecode.swift; path = G2C.swift; sourceTree = "<group>"; };
		25FE5CF2237A91A2001C8244 /* GameCell.swift */ = {isa = PBXFileReference; lastKnownFileType = sourcecode.swift; path = GameCell.swift; sourceTree = "<group>"; };
		25FE5CF6237ACE08001C8244 /* GameDetailsViewController.swift */ = {isa = PBXFileReference; lastKnownFileType = sourcecode.swift; path = GameDetailsViewController.swift; sourceTree = "<group>"; };
		272C4FA5371E9508D07A6E98 /* Pods_G2C_GamersUITests.framework */ = {isa = PBXFileReference; explicitFileType = wrapper.framework; includeInIndex = 0; path = Pods_G2C_GamersUITests.framework; sourceTree = BUILT_PRODUCTS_DIR; };
		7A7600400FE8A5EC46C7758B /* Pods_G2C_GamersTests.framework */ = {isa = PBXFileReference; explicitFileType = wrapper.framework; includeInIndex = 0; path = Pods_G2C_GamersTests.framework; sourceTree = BUILT_PRODUCTS_DIR; };
		7F3BE406480E69572F7607A7 /* Pods-G2C Gamers.release.xcconfig */ = {isa = PBXFileReference; includeInIndex = 1; lastKnownFileType = text.xcconfig; name = "Pods-G2C Gamers.release.xcconfig"; path = "Target Support Files/Pods-G2C Gamers/Pods-G2C Gamers.release.xcconfig"; sourceTree = "<group>"; };
		9280D261AB53E7A8F2AC1143 /* Pods-G2C GamersUITests.debug.xcconfig */ = {isa = PBXFileReference; includeInIndex = 1; lastKnownFileType = text.xcconfig; name = "Pods-G2C GamersUITests.debug.xcconfig"; path = "Target Support Files/Pods-G2C GamersUITests/Pods-G2C GamersUITests.debug.xcconfig"; sourceTree = "<group>"; };
		A3FB7BDDA4C2B05723AD873B /* Pods-G2C GamersTests.release.xcconfig */ = {isa = PBXFileReference; includeInIndex = 1; lastKnownFileType = text.xcconfig; name = "Pods-G2C GamersTests.release.xcconfig"; path = "Target Support Files/Pods-G2C GamersTests/Pods-G2C GamersTests.release.xcconfig"; sourceTree = "<group>"; };
		BE512BEFD485EF28551A88F2 /* Pods-G2C GamersUITests.release.xcconfig */ = {isa = PBXFileReference; includeInIndex = 1; lastKnownFileType = text.xcconfig; name = "Pods-G2C GamersUITests.release.xcconfig"; path = "Target Support Files/Pods-G2C GamersUITests/Pods-G2C GamersUITests.release.xcconfig"; sourceTree = "<group>"; };
		C8DB5A481C764EC1A9B1C00D /* Pods-G2C GamersTests.debug.xcconfig */ = {isa = PBXFileReference; includeInIndex = 1; lastKnownFileType = text.xcconfig; name = "Pods-G2C GamersTests.debug.xcconfig"; path = "Target Support Files/Pods-G2C GamersTests/Pods-G2C GamersTests.debug.xcconfig"; sourceTree = "<group>"; };
		F5EB33AC559449AA8B58922C /* Pods-G2C Gamers.debug.xcconfig */ = {isa = PBXFileReference; includeInIndex = 1; lastKnownFileType = text.xcconfig; name = "Pods-G2C Gamers.debug.xcconfig"; path = "Target Support Files/Pods-G2C Gamers/Pods-G2C Gamers.debug.xcconfig"; sourceTree = "<group>"; };
/* End PBXFileReference section */

/* Begin PBXFrameworksBuildPhase section */
		25FE5CAC237836B5001C8244 /* Frameworks */ = {
			isa = PBXFrameworksBuildPhase;
			buildActionMask = 2147483647;
			files = (
				050838682DBAFA4E860D0641 /* Pods_G2C_Gamers.framework in Frameworks */,
			);
			runOnlyForDeploymentPostprocessing = 0;
		};
		25FE5CC0237836B9001C8244 /* Frameworks */ = {
			isa = PBXFrameworksBuildPhase;
			buildActionMask = 2147483647;
			files = (
				41C0A1613B73777D2D33F12C /* Pods_G2C_GamersTests.framework in Frameworks */,
			);
			runOnlyForDeploymentPostprocessing = 0;
		};
		25FE5CCB237836B9001C8244 /* Frameworks */ = {
			isa = PBXFrameworksBuildPhase;
			buildActionMask = 2147483647;
			files = (
				8EBDD74258AE7DF4EF78FE15 /* Pods_G2C_GamersUITests.framework in Frameworks */,
			);
			runOnlyForDeploymentPostprocessing = 0;
		};
/* End PBXFrameworksBuildPhase section */

/* Begin PBXGroup section */
		25FE5CA6237836B5001C8244 = {
			isa = PBXGroup;
			children = (
				25FE5CB1237836B5001C8244 /* G2C Gamers */,
				25FE5CC6237836B9001C8244 /* G2C GamersTests */,
				25FE5CD1237836B9001C8244 /* G2C GamersUITests */,
				25FE5CB0237836B5001C8244 /* Products */,
				D9920F809E030BB4A3294831 /* Pods */,
				2DEDDB720FC32F07E68CFCD7 /* Frameworks */,
			);
			sourceTree = "<group>";
		};
		25FE5CB0237836B5001C8244 /* Products */ = {
			isa = PBXGroup;
			children = (
				25FE5CAF237836B5001C8244 /* G2C Gamers.app */,
				25FE5CC3237836B9001C8244 /* G2C GamersTests.xctest */,
				25FE5CCE237836B9001C8244 /* G2C GamersUITests.xctest */,
			);
			name = Products;
			sourceTree = "<group>";
		};
		25FE5CB1237836B5001C8244 /* G2C Gamers */ = {
			isa = PBXGroup;
			children = (
				25FE5CE9237A7D02001C8244 /* Network */,
				25FE5CE5237A633F001C8244 /* ViewModel */,
				25FE5CE4237A6335001C8244 /* Controller */,
				25FE5CE3237A632E001C8244 /* View */,
				25FE5CE2237A6325001C8244 /* Model */,
				25FE5CB2237836B5001C8244 /* AppDelegate.swift */,
				25FE5CBE237836B8001C8244 /* Info.plist */,
			);
			path = "G2C Gamers";
			sourceTree = "<group>";
		};
		25FE5CC6237836B9001C8244 /* G2C GamersTests */ = {
			isa = PBXGroup;
			children = (
				25FE5CC7237836B9001C8244 /* G2C_GamersTests.swift */,
				25FE5CC9237836B9001C8244 /* Info.plist */,
			);
			path = "G2C GamersTests";
			sourceTree = "<group>";
		};
		25FE5CD1237836B9001C8244 /* G2C GamersUITests */ = {
			isa = PBXGroup;
			children = (
				25FE5CD2237836B9001C8244 /* G2C_GamersUITests.swift */,
				25FE5CD4237836B9001C8244 /* Info.plist */,
			);
			path = "G2C GamersUITests";
			sourceTree = "<group>";
		};
		25FE5CE2237A6325001C8244 /* Model */ = {
			isa = PBXGroup;
			children = (
				25FE5CEE237A80DA001C8244 /* Game.swift */,
			);
			path = Model;
			sourceTree = "<group>";
		};
		25FE5CE3237A632E001C8244 /* View */ = {
			isa = PBXGroup;
			children = (
				25FE5CB6237836B5001C8244 /* Main.storyboard */,
				25FE5CB9237836B8001C8244 /* Assets.xcassets */,
				25FE5CBB237836B8001C8244 /* LaunchScreen.storyboard */,
				25FE5CE6237A634D001C8244 /* Cells */,
				25FE5CE7237A640B001C8244 /* GameSummaryCell.xib */,
			);
			path = View;
			sourceTree = "<group>";
		};
		25FE5CE4237A6335001C8244 /* Controller */ = {
			isa = PBXGroup;
			children = (
				25FE5CB4237836B5001C8244 /* GameViewController.swift */,
				25FE5CF6237ACE08001C8244 /* GameDetailsViewController.swift */,
			);
			path = Controller;
			sourceTree = "<group>";
		};
		25FE5CE5237A633F001C8244 /* ViewModel */ = {
			isa = PBXGroup;
			children = (
			);
			path = ViewModel;
			sourceTree = "<group>";
		};
		25FE5CE6237A634D001C8244 /* Cells */ = {
			isa = PBXGroup;
			children = (
				25FE5CF2237A91A2001C8244 /* GameCell.swift */,
			);
			path = Cells;
			sourceTree = "<group>";
		};
		25FE5CE9237A7D02001C8244 /* Network */ = {
			isa = PBXGroup;
			children = (
				25FE5CEA237A7D2E001C8244 /* CodableResponse.swift */,
				25FE5CF0237A82D0001C8244 /* G2C.swift */,
			);
			path = Network;
			sourceTree = "<group>";
		};
		2DEDDB720FC32F07E68CFCD7 /* Frameworks */ = {
			isa = PBXGroup;
			children = (
				161FE788781DF31C9EAE46C8 /* Pods_G2C_Gamers.framework */,
				7A7600400FE8A5EC46C7758B /* Pods_G2C_GamersTests.framework */,
				272C4FA5371E9508D07A6E98 /* Pods_G2C_GamersUITests.framework */,
			);
			name = Frameworks;
			sourceTree = "<group>";
		};
		D9920F809E030BB4A3294831 /* Pods */ = {
			isa = PBXGroup;
			children = (
				F5EB33AC559449AA8B58922C /* Pods-G2C Gamers.debug.xcconfig */,
				7F3BE406480E69572F7607A7 /* Pods-G2C Gamers.release.xcconfig */,
				C8DB5A481C764EC1A9B1C00D /* Pods-G2C GamersTests.debug.xcconfig */,
				A3FB7BDDA4C2B05723AD873B /* Pods-G2C GamersTests.release.xcconfig */,
				9280D261AB53E7A8F2AC1143 /* Pods-G2C GamersUITests.debug.xcconfig */,
				BE512BEFD485EF28551A88F2 /* Pods-G2C GamersUITests.release.xcconfig */,
			);
			path = Pods;
			sourceTree = "<group>";
		};
/* End PBXGroup section */

/* Begin PBXNativeTarget section */
		25FE5CAE237836B5001C8244 /* G2C Gamers */ = {
			isa = PBXNativeTarget;
			buildConfigurationList = 25FE5CD7237836B9001C8244 /* Build configuration list for PBXNativeTarget "G2C Gamers" */;
			buildPhases = (
				97B391D049397A461463EC5B /* [CP] Check Pods Manifest.lock */,
				25FE5CAB237836B5001C8244 /* Sources */,
				25FE5CAC237836B5001C8244 /* Frameworks */,
				25FE5CAD237836B5001C8244 /* Resources */,
				6910F80EF38FDE9A88B6EF90 /* [CP] Embed Pods Frameworks */,
			);
			buildRules = (
			);
			dependencies = (
			);
			name = "G2C Gamers";
			productName = "G2C Gamers";
			productReference = 25FE5CAF237836B5001C8244 /* G2C Gamers.app */;
			productType = "com.apple.product-type.application";
		};
		25FE5CC2237836B9001C8244 /* G2C GamersTests */ = {
			isa = PBXNativeTarget;
			buildConfigurationList = 25FE5CDA237836B9001C8244 /* Build configuration list for PBXNativeTarget "G2C GamersTests" */;
			buildPhases = (
				5253297910377D1990EAC07D /* [CP] Check Pods Manifest.lock */,
				25FE5CBF237836B9001C8244 /* Sources */,
				25FE5CC0237836B9001C8244 /* Frameworks */,
				25FE5CC1237836B9001C8244 /* Resources */,
			);
			buildRules = (
			);
			dependencies = (
				25FE5CC5237836B9001C8244 /* PBXTargetDependency */,
			);
			name = "G2C GamersTests";
			productName = "G2C GamersTests";
			productReference = 25FE5CC3237836B9001C8244 /* G2C GamersTests.xctest */;
			productType = "com.apple.product-type.bundle.unit-test";
		};
		25FE5CCD237836B9001C8244 /* G2C GamersUITests */ = {
			isa = PBXNativeTarget;
			buildConfigurationList = 25FE5CDD237836B9001C8244 /* Build configuration list for PBXNativeTarget "G2C GamersUITests" */;
			buildPhases = (
				F848445A596D9C546CECF48E /* [CP] Check Pods Manifest.lock */,
				25FE5CCA237836B9001C8244 /* Sources */,
				25FE5CCB237836B9001C8244 /* Frameworks */,
				25FE5CCC237836B9001C8244 /* Resources */,
			);
			buildRules = (
			);
			dependencies = (
				25FE5CD0237836B9001C8244 /* PBXTargetDependency */,
			);
			name = "G2C GamersUITests";
			productName = "G2C GamersUITests";
			productReference = 25FE5CCE237836B9001C8244 /* G2C GamersUITests.xctest */;
			productType = "com.apple.product-type.bundle.ui-testing";
		};
/* End PBXNativeTarget section */

/* Begin PBXProject section */
		25FE5CA7237836B5001C8244 /* Project object */ = {
			isa = PBXProject;
			attributes = {
				LastSwiftUpdateCheck = 1020;
				LastUpgradeCheck = 1020;
				ORGANIZATIONNAME = Madusha;
				TargetAttributes = {
					25FE5CAE237836B5001C8244 = {
						CreatedOnToolsVersion = 10.2.1;
					};
					25FE5CC2237836B9001C8244 = {
						CreatedOnToolsVersion = 10.2.1;
						TestTargetID = 25FE5CAE237836B5001C8244;
					};
					25FE5CCD237836B9001C8244 = {
						CreatedOnToolsVersion = 10.2.1;
						TestTargetID = 25FE5CAE237836B5001C8244;
					};
				};
			};
			buildConfigurationList = 25FE5CAA237836B5001C8244 /* Build configuration list for PBXProject "G2C Gamers" */;
			compatibilityVersion = "Xcode 9.3";
			developmentRegion = en;
			hasScannedForEncodings = 0;
			knownRegions = (
				en,
				Base,
			);
			mainGroup = 25FE5CA6237836B5001C8244;
			productRefGroup = 25FE5CB0237836B5001C8244 /* Products */;
			projectDirPath = "";
			projectRoot = "";
			targets = (
				25FE5CAE237836B5001C8244 /* G2C Gamers */,
				25FE5CC2237836B9001C8244 /* G2C GamersTests */,
				25FE5CCD237836B9001C8244 /* G2C GamersUITests */,
			);
		};
/* End PBXProject section */

/* Begin PBXResourcesBuildPhase section */
		25FE5CAD237836B5001C8244 /* Resources */ = {
			isa = PBXResourcesBuildPhase;
			buildActionMask = 2147483647;
			files = (
				25FE5CE8237A640B001C8244 /* GameSummaryCell.xib in Resources */,
				25FE5CBD237836B8001C8244 /* LaunchScreen.storyboard in Resources */,
				25FE5CBA237836B8001C8244 /* Assets.xcassets in Resources */,
				25FE5CB8237836B5001C8244 /* Main.storyboard in Resources */,
			);
			runOnlyForDeploymentPostprocessing = 0;
		};
		25FE5CC1237836B9001C8244 /* Resources */ = {
			isa = PBXResourcesBuildPhase;
			buildActionMask = 2147483647;
			files = (
			);
			runOnlyForDeploymentPostprocessing = 0;
		};
		25FE5CCC237836B9001C8244 /* Resources */ = {
			isa = PBXResourcesBuildPhase;
			buildActionMask = 2147483647;
			files = (
			);
			runOnlyForDeploymentPostprocessing = 0;
		};
/* End PBXResourcesBuildPhase section */

/* Begin PBXShellScriptBuildPhase section */
		5253297910377D1990EAC07D /* [CP] Check Pods Manifest.lock */ = {
			isa = PBXShellScriptBuildPhase;
			buildActionMask = 2147483647;
			files = (
			);
			inputFileListPaths = (
			);
			inputPaths = (
				"${PODS_PODFILE_DIR_PATH}/Podfile.lock",
				"${PODS_ROOT}/Manifest.lock",
			);
			name = "[CP] Check Pods Manifest.lock";
			outputFileListPaths = (
			);
			outputPaths = (
				"$(DERIVED_FILE_DIR)/Pods-G2C GamersTests-checkManifestLockResult.txt",
			);
			runOnlyForDeploymentPostprocessing = 0;
			shellPath = /bin/sh;
			shellScript = "diff \"${PODS_PODFILE_DIR_PATH}/Podfile.lock\" \"${PODS_ROOT}/Manifest.lock\" > /dev/null\nif [ $? != 0 ] ; then\n    # print error to STDERR\n    echo \"error: The sandbox is not in sync with the Podfile.lock. Run 'pod install' or update your CocoaPods installation.\" >&2\n    exit 1\nfi\n# This output is used by Xcode 'outputs' to avoid re-running this script phase.\necho \"SUCCESS\" > \"${SCRIPT_OUTPUT_FILE_0}\"\n";
			showEnvVarsInLog = 0;
		};
		6910F80EF38FDE9A88B6EF90 /* [CP] Embed Pods Frameworks */ = {
			isa = PBXShellScriptBuildPhase;
			buildActionMask = 2147483647;
			files = (
			);
			inputFileListPaths = (
				"${PODS_ROOT}/Target Support Files/Pods-G2C Gamers/Pods-G2C Gamers-frameworks-${CONFIGURATION}-input-files.xcfilelist",
			);
			name = "[CP] Embed Pods Frameworks";
			outputFileListPaths = (
				"${PODS_ROOT}/Target Support Files/Pods-G2C Gamers/Pods-G2C Gamers-frameworks-${CONFIGURATION}-output-files.xcfilelist",
			);
			runOnlyForDeploymentPostprocessing = 0;
			shellPath = /bin/sh;
			shellScript = "\"${PODS_ROOT}/Target Support Files/Pods-G2C Gamers/Pods-G2C Gamers-frameworks.sh\"\n";
			showEnvVarsInLog = 0;
		};
		97B391D049397A461463EC5B /* [CP] Check Pods Manifest.lock */ = {
			isa = PBXShellScriptBuildPhase;
			buildActionMask = 2147483647;
			files = (
			);
			inputFileListPaths = (
			);
			inputPaths = (
				"${PODS_PODFILE_DIR_PATH}/Podfile.lock",
				"${PODS_ROOT}/Manifest.lock",
			);
			name = "[CP] Check Pods Manifest.lock";
			outputFileListPaths = (
			);
			outputPaths = (
				"$(DERIVED_FILE_DIR)/Pods-G2C Gamers-checkManifestLockResult.txt",
			);
			runOnlyForDeploymentPostprocessing = 0;
			shellPath = /bin/sh;
			shellScript = "diff \"${PODS_PODFILE_DIR_PATH}/Podfile.lock\" \"${PODS_ROOT}/Manifest.lock\" > /dev/null\nif [ $? != 0 ] ; then\n    # print error to STDERR\n    echo \"error: The sandbox is not in sync with the Podfile.lock. Run 'pod install' or update your CocoaPods installation.\" >&2\n    exit 1\nfi\n# This output is used by Xcode 'outputs' to avoid re-running this script phase.\necho \"SUCCESS\" > \"${SCRIPT_OUTPUT_FILE_0}\"\n";
			showEnvVarsInLog = 0;
		};
		F848445A596D9C546CECF48E /* [CP] Check Pods Manifest.lock */ = {
			isa = PBXShellScriptBuildPhase;
			buildActionMask = 2147483647;
			files = (
			);
			inputFileListPaths = (
			);
			inputPaths = (
				"${PODS_PODFILE_DIR_PATH}/Podfile.lock",
				"${PODS_ROOT}/Manifest.lock",
			);
			name = "[CP] Check Pods Manifest.lock";
			outputFileListPaths = (
			);
			outputPaths = (
				"$(DERIVED_FILE_DIR)/Pods-G2C GamersUITests-checkManifestLockResult.txt",
			);
			runOnlyForDeploymentPostprocessing = 0;
			shellPath = /bin/sh;
			shellScript = "diff \"${PODS_PODFILE_DIR_PATH}/Podfile.lock\" \"${PODS_ROOT}/Manifest.lock\" > /dev/null\nif [ $? != 0 ] ; then\n    # print error to STDERR\n    echo \"error: The sandbox is not in sync with the Podfile.lock. Run 'pod install' or update your CocoaPods installation.\" >&2\n    exit 1\nfi\n# This output is used by Xcode 'outputs' to avoid re-running this script phase.\necho \"SUCCESS\" > \"${SCRIPT_OUTPUT_FILE_0}\"\n";
			showEnvVarsInLog = 0;
		};
/* End PBXShellScriptBuildPhase section */

/* Begin PBXSourcesBuildPhase section */
		25FE5CAB237836B5001C8244 /* Sources */ = {
			isa = PBXSourcesBuildPhase;
			buildActionMask = 2147483647;
			files = (
				25FE5CF1237A82D0001C8244 /* G2C.swift in Sources */,
				25FE5CF7237ACE08001C8244 /* GameDetailsViewController.swift in Sources */,
				25FE5CF3237A91A2001C8244 /* GameCell.swift in Sources */,
				25FE5CB5237836B5001C8244 /* GameViewController.swift in Sources */,
				25FE5CEF237A80DA001C8244 /* Game.swift in Sources */,
				25FE5CB3237836B5001C8244 /* AppDelegate.swift in Sources */,
				25FE5CEB237A7D2E001C8244 /* CodableResponse.swift in Sources */,
			);
			runOnlyForDeploymentPostprocessing = 0;
		};
		25FE5CBF237836B9001C8244 /* Sources */ = {
			isa = PBXSourcesBuildPhase;
			buildActionMask = 2147483647;
			files = (
				25FE5CC8237836B9001C8244 /* G2C_GamersTests.swift in Sources */,
			);
			runOnlyForDeploymentPostprocessing = 0;
		};
		25FE5CCA237836B9001C8244 /* Sources */ = {
			isa = PBXSourcesBuildPhase;
			buildActionMask = 2147483647;
			files = (
				25FE5CD3237836B9001C8244 /* G2C_GamersUITests.swift in Sources */,
			);
			runOnlyForDeploymentPostprocessing = 0;
		};
/* End PBXSourcesBuildPhase section */

/* Begin PBXTargetDependency section */
		25FE5CC5237836B9001C8244 /* PBXTargetDependency */ = {
			isa = PBXTargetDependency;
			target = 25FE5CAE237836B5001C8244 /* G2C Gamers */;
			targetProxy = 25FE5CC4237836B9001C8244 /* PBXContainerItemProxy */;
		};
		25FE5CD0237836B9001C8244 /* PBXTargetDependency */ = {
			isa = PBXTargetDependency;
			target = 25FE5CAE237836B5001C8244 /* G2C Gamers */;
			targetProxy = 25FE5CCF237836B9001C8244 /* PBXContainerItemProxy */;
		};
/* End PBXTargetDependency section */

/* Begin PBXVariantGroup section */
		25FE5CB6237836B5001C8244 /* Main.storyboard */ = {
			isa = PBXVariantGroup;
			children = (
				25FE5CB7237836B5001C8244 /* Base */,
			);
			name = Main.storyboard;
			sourceTree = "<group>";
		};
		25FE5CBB237836B8001C8244 /* LaunchScreen.storyboard */ = {
			isa = PBXVariantGroup;
			children = (
				25FE5CBC237836B8001C8244 /* Base */,
			);
			name = LaunchScreen.storyboard;
			sourceTree = "<group>";
		};
/* End PBXVariantGroup section */

/* Begin XCBuildConfiguration section */
		25FE5CD5237836B9001C8244 /* Debug */ = {
			isa = XCBuildConfiguration;
			buildSettings = {
				ALWAYS_SEARCH_USER_PATHS = NO;
				CLANG_ANALYZER_NONNULL = YES;
				CLANG_ANALYZER_NUMBER_OBJECT_CONVERSION = YES_AGGRESSIVE;
				CLANG_CXX_LANGUAGE_STANDARD = "gnu++14";
				CLANG_CXX_LIBRARY = "libc++";
				CLANG_ENABLE_MODULES = YES;
				CLANG_ENABLE_OBJC_ARC = YES;
				CLANG_ENABLE_OBJC_WEAK = YES;
				CLANG_WARN_BLOCK_CAPTURE_AUTORELEASING = YES;
				CLANG_WARN_BOOL_CONVERSION = YES;
				CLANG_WARN_COMMA = YES;
				CLANG_WARN_CONSTANT_CONVERSION = YES;
				CLANG_WARN_DEPRECATED_OBJC_IMPLEMENTATIONS = YES;
				CLANG_WARN_DIRECT_OBJC_ISA_USAGE = YES_ERROR;
				CLANG_WARN_DOCUMENTATION_COMMENTS = YES;
				CLANG_WARN_EMPTY_BODY = YES;
				CLANG_WARN_ENUM_CONVERSION = YES;
				CLANG_WARN_INFINITE_RECURSION = YES;
				CLANG_WARN_INT_CONVERSION = YES;
				CLANG_WARN_NON_LITERAL_NULL_CONVERSION = YES;
				CLANG_WARN_OBJC_IMPLICIT_RETAIN_SELF = YES;
				CLANG_WARN_OBJC_LITERAL_CONVERSION = YES;
				CLANG_WARN_OBJC_ROOT_CLASS = YES_ERROR;
				CLANG_WARN_RANGE_LOOP_ANALYSIS = YES;
				CLANG_WARN_STRICT_PROTOTYPES = YES;
				CLANG_WARN_SUSPICIOUS_MOVE = YES;
				CLANG_WARN_UNGUARDED_AVAILABILITY = YES_AGGRESSIVE;
				CLANG_WARN_UNREACHABLE_CODE = YES;
				CLANG_WARN__DUPLICATE_METHOD_MATCH = YES;
				CODE_SIGN_IDENTITY = "iPhone Developer";
				COPY_PHASE_STRIP = NO;
				DEBUG_INFORMATION_FORMAT = dwarf;
				ENABLE_STRICT_OBJC_MSGSEND = YES;
				ENABLE_TESTABILITY = YES;
				GCC_C_LANGUAGE_STANDARD = gnu11;
				GCC_DYNAMIC_NO_PIC = NO;
				GCC_NO_COMMON_BLOCKS = YES;
				GCC_OPTIMIZATION_LEVEL = 0;
				GCC_PREPROCESSOR_DEFINITIONS = (
					"DEBUG=1",
					"$(inherited)",
				);
				GCC_WARN_64_TO_32_BIT_CONVERSION = YES;
				GCC_WARN_ABOUT_RETURN_TYPE = YES_ERROR;
				GCC_WARN_UNDECLARED_SELECTOR = YES;
				GCC_WARN_UNINITIALIZED_AUTOS = YES_AGGRESSIVE;
				GCC_WARN_UNUSED_FUNCTION = YES;
				GCC_WARN_UNUSED_VARIABLE = YES;
				IPHONEOS_DEPLOYMENT_TARGET = 12.2;
				MTL_ENABLE_DEBUG_INFO = INCLUDE_SOURCE;
				MTL_FAST_MATH = YES;
				ONLY_ACTIVE_ARCH = YES;
				SDKROOT = iphoneos;
				SWIFT_ACTIVE_COMPILATION_CONDITIONS = DEBUG;
				SWIFT_OPTIMIZATION_LEVEL = "-Onone";
			};
			name = Debug;
		};
		25FE5CD6237836B9001C8244 /* Release */ = {
			isa = XCBuildConfiguration;
			buildSettings = {
				ALWAYS_SEARCH_USER_PATHS = NO;
				CLANG_ANALYZER_NONNULL = YES;
				CLANG_ANALYZER_NUMBER_OBJECT_CONVERSION = YES_AGGRESSIVE;
				CLANG_CXX_LANGUAGE_STANDARD = "gnu++14";
				CLANG_CXX_LIBRARY = "libc++";
				CLANG_ENABLE_MODULES = YES;
				CLANG_ENABLE_OBJC_ARC = YES;
				CLANG_ENABLE_OBJC_WEAK = YES;
				CLANG_WARN_BLOCK_CAPTURE_AUTORELEASING = YES;
				CLANG_WARN_BOOL_CONVERSION = YES;
				CLANG_WARN_COMMA = YES;
				CLANG_WARN_CONSTANT_CONVERSION = YES;
				CLANG_WARN_DEPRECATED_OBJC_IMPLEMENTATIONS = YES;
				CLANG_WARN_DIRECT_OBJC_ISA_USAGE = YES_ERROR;
				CLANG_WARN_DOCUMENTATION_COMMENTS = YES;
				CLANG_WARN_EMPTY_BODY = YES;
				CLANG_WARN_ENUM_CONVERSION = YES;
				CLANG_WARN_INFINITE_RECURSION = YES;
				CLANG_WARN_INT_CONVERSION = YES;
				CLANG_WARN_NON_LITERAL_NULL_CONVERSION = YES;
				CLANG_WARN_OBJC_IMPLICIT_RETAIN_SELF = YES;
				CLANG_WARN_OBJC_LITERAL_CONVERSION = YES;
				CLANG_WARN_OBJC_ROOT_CLASS = YES_ERROR;
				CLANG_WARN_RANGE_LOOP_ANALYSIS = YES;
				CLANG_WARN_STRICT_PROTOTYPES = YES;
				CLANG_WARN_SUSPICIOUS_MOVE = YES;
				CLANG_WARN_UNGUARDED_AVAILABILITY = YES_AGGRESSIVE;
				CLANG_WARN_UNREACHABLE_CODE = YES;
				CLANG_WARN__DUPLICATE_METHOD_MATCH = YES;
				CODE_SIGN_IDENTITY = "iPhone Developer";
				COPY_PHASE_STRIP = NO;
				DEBUG_INFORMATION_FORMAT = "dwarf-with-dsym";
				ENABLE_NS_ASSERTIONS = NO;
				ENABLE_STRICT_OBJC_MSGSEND = YES;
				GCC_C_LANGUAGE_STANDARD = gnu11;
				GCC_NO_COMMON_BLOCKS = YES;
				GCC_WARN_64_TO_32_BIT_CONVERSION = YES;
				GCC_WARN_ABOUT_RETURN_TYPE = YES_ERROR;
				GCC_WARN_UNDECLARED_SELECTOR = YES;
				GCC_WARN_UNINITIALIZED_AUTOS = YES_AGGRESSIVE;
				GCC_WARN_UNUSED_FUNCTION = YES;
				GCC_WARN_UNUSED_VARIABLE = YES;
				IPHONEOS_DEPLOYMENT_TARGET = 12.2;
				MTL_ENABLE_DEBUG_INFO = NO;
				MTL_FAST_MATH = YES;
				SDKROOT = iphoneos;
				SWIFT_COMPILATION_MODE = wholemodule;
				SWIFT_OPTIMIZATION_LEVEL = "-O";
				VALIDATE_PRODUCT = YES;
			};
			name = Release;
		};
		25FE5CD8237836B9001C8244 /* Debug */ = {
			isa = XCBuildConfiguration;
			baseConfigurationReference = F5EB33AC559449AA8B58922C /* Pods-G2C Gamers.debug.xcconfig */;
			buildSettings = {
				ASSETCATALOG_COMPILER_APPICON_NAME = AppIcon;
				CODE_SIGN_STYLE = Automatic;
				INFOPLIST_FILE = "G2C Gamers/Info.plist";
				LD_RUNPATH_SEARCH_PATHS = (
					"$(inherited)",
					"@executable_path/Frameworks",
				);
				PRODUCT_BUNDLE_IDENTIFIER = "bitsandwires.G2C-Gamers";
				PRODUCT_NAME = "$(TARGET_NAME)";
				SWIFT_VERSION = 5.0;
				TARGETED_DEVICE_FAMILY = "1,2";
			};
			name = Debug;
		};
		25FE5CD9237836B9001C8244 /* Release */ = {
			isa = XCBuildConfiguration;
			baseConfigurationReference = 7F3BE406480E69572F7607A7 /* Pods-G2C Gamers.release.xcconfig */;
			buildSettings = {
				ASSETCATALOG_COMPILER_APPICON_NAME = AppIcon;
				CODE_SIGN_STYLE = Automatic;
				INFOPLIST_FILE = "G2C Gamers/Info.plist";
				LD_RUNPATH_SEARCH_PATHS = (
					"$(inherited)",
					"@executable_path/Frameworks",
				);
				PRODUCT_BUNDLE_IDENTIFIER = "bitsandwires.G2C-Gamers";
				PRODUCT_NAME = "$(TARGET_NAME)";
				SWIFT_VERSION = 5.0;
				TARGETED_DEVICE_FAMILY = "1,2";
			};
			name = Release;
		};
		25FE5CDB237836B9001C8244 /* Debug */ = {
			isa = XCBuildConfiguration;
			baseConfigurationReference = C8DB5A481C764EC1A9B1C00D /* Pods-G2C GamersTests.debug.xcconfig */;
			buildSettings = {
				ALWAYS_EMBED_SWIFT_STANDARD_LIBRARIES = YES;
				BUNDLE_LOADER = "$(TEST_HOST)";
				CODE_SIGN_STYLE = Automatic;
				INFOPLIST_FILE = "G2C GamersTests/Info.plist";
				LD_RUNPATH_SEARCH_PATHS = (
					"$(inherited)",
					"@executable_path/Frameworks",
					"@loader_path/Frameworks",
				);
				PRODUCT_BUNDLE_IDENTIFIER = "bitsandwires.G2C-GamersTests";
				PRODUCT_NAME = "$(TARGET_NAME)";
				SWIFT_VERSION = 5.0;
				TARGETED_DEVICE_FAMILY = "1,2";
				TEST_HOST = "$(BUILT_PRODUCTS_DIR)/G2C Gamers.app/G2C Gamers";
			};
			name = Debug;
		};
		25FE5CDC237836B9001C8244 /* Release */ = {
			isa = XCBuildConfiguration;
			baseConfigurationReference = A3FB7BDDA4C2B05723AD873B /* Pods-G2C GamersTests.release.xcconfig */;
			buildSettings = {
				ALWAYS_EMBED_SWIFT_STANDARD_LIBRARIES = YES;
				BUNDLE_LOADER = "$(TEST_HOST)";
				CODE_SIGN_STYLE = Automatic;
				INFOPLIST_FILE = "G2C GamersTests/Info.plist";
				LD_RUNPATH_SEARCH_PATHS = (
					"$(inherited)",
					"@executable_path/Frameworks",
					"@loader_path/Frameworks",
				);
				PRODUCT_BUNDLE_IDENTIFIER = "bitsandwires.G2C-GamersTests";
				PRODUCT_NAME = "$(TARGET_NAME)";
				SWIFT_VERSION = 5.0;
				TARGETED_DEVICE_FAMILY = "1,2";
				TEST_HOST = "$(BUILT_PRODUCTS_DIR)/G2C Gamers.app/G2C Gamers";
			};
			name = Release;
		};
		25FE5CDE237836B9001C8244 /* Debug */ = {
			isa = XCBuildConfiguration;
			baseConfigurationReference = 9280D261AB53E7A8F2AC1143 /* Pods-G2C GamersUITests.debug.xcconfig */;
			buildSettings = {
				ALWAYS_EMBED_SWIFT_STANDARD_LIBRARIES = YES;
				CODE_SIGN_STYLE = Automatic;
				INFOPLIST_FILE = "G2C GamersUITests/Info.plist";
				LD_RUNPATH_SEARCH_PATHS = (
					"$(inherited)",
					"@executable_path/Frameworks",
					"@loader_path/Frameworks",
				);
				PRODUCT_BUNDLE_IDENTIFIER = "bitsandwires.G2C-GamersUITests";
				PRODUCT_NAME = "$(TARGET_NAME)";
				SWIFT_VERSION = 5.0;
				TARGETED_DEVICE_FAMILY = "1,2";
				TEST_TARGET_NAME = "G2C Gamers";
			};
			name = Debug;
		};
		25FE5CDF237836B9001C8244 /* Release */ = {
			isa = XCBuildConfiguration;
			baseConfigurationReference = BE512BEFD485EF28551A88F2 /* Pods-G2C GamersUITests.release.xcconfig */;
			buildSettings = {
				ALWAYS_EMBED_SWIFT_STANDARD_LIBRARIES = YES;
				CODE_SIGN_STYLE = Automatic;
				INFOPLIST_FILE = "G2C GamersUITests/Info.plist";
				LD_RUNPATH_SEARCH_PATHS = (
					"$(inherited)",
					"@executable_path/Frameworks",
					"@loader_path/Frameworks",
				);
				PRODUCT_BUNDLE_IDENTIFIER = "bitsandwires.G2C-GamersUITests";
				PRODUCT_NAME = "$(TARGET_NAME)";
				SWIFT_VERSION = 5.0;
				TARGETED_DEVICE_FAMILY = "1,2";
				TEST_TARGET_NAME = "G2C Gamers";
			};
			name = Release;
		};
/* End XCBuildConfiguration section */

/* Begin XCConfigurationList section */
		25FE5CAA237836B5001C8244 /* Build configuration list for PBXProject "G2C Gamers" */ = {
			isa = XCConfigurationList;
			buildConfigurations = (
				25FE5CD5237836B9001C8244 /* Debug */,
				25FE5CD6237836B9001C8244 /* Release */,
			);
			defaultConfigurationIsVisible = 0;
			defaultConfigurationName = Release;
		};
		25FE5CD7237836B9001C8244 /* Build configuration list for PBXNativeTarget "G2C Gamers" */ = {
			isa = XCConfigurationList;
			buildConfigurations = (
				25FE5CD8237836B9001C8244 /* Debug */,
				25FE5CD9237836B9001C8244 /* Release */,
			);
			defaultConfigurationIsVisible = 0;
			defaultConfigurationName = Release;
		};
		25FE5CDA237836B9001C8244 /* Build configuration list for PBXNativeTarget "G2C GamersTests" */ = {
			isa = XCConfigurationList;
			buildConfigurations = (
				25FE5CDB237836B9001C8244 /* Debug */,
				25FE5CDC237836B9001C8244 /* Release */,
			);
			defaultConfigurationIsVisible = 0;
			defaultConfigurationName = Release;
		};
		25FE5CDD237836B9001C8244 /* Build configuration list for PBXNativeTarget "G2C GamersUITests" */ = {
			isa = XCConfigurationList;
			buildConfigurations = (
				25FE5CDE237836B9001C8244 /* Debug */,
				25FE5CDF237836B9001C8244 /* Release */,
			);
			defaultConfigurationIsVisible = 0;
			defaultConfigurationName = Release;
		};
/* End XCConfigurationList section */
	};
	rootObject = 25FE5CA7237836B5001C8244 /* Project object */;
}
